# This file is automatically @generated by Poetry 1.8.3 and should not be changed by hand.

[[package]]
name = "protobuf"
version = "5.28.2"
description = ""
optional = false
python-versions = ">=3.8"
files = [
    {file = "protobuf-5.28.2-cp310-abi3-win32.whl", hash = "sha256:eeea10f3dc0ac7e6b4933d32db20662902b4ab81bf28df12218aa389e9c2102d"},
    {file = "protobuf-5.28.2-cp310-abi3-win_amd64.whl", hash = "sha256:2c69461a7fcc8e24be697624c09a839976d82ae75062b11a0972e41fd2cd9132"},
    {file = "protobuf-5.28.2-cp38-abi3-macosx_10_9_universal2.whl", hash = "sha256:a8b9403fc70764b08d2f593ce44f1d2920c5077bf7d311fefec999f8c40f78b7"},
    {file = "protobuf-5.28.2-cp38-abi3-manylinux2014_aarch64.whl", hash = "sha256:35cfcb15f213449af7ff6198d6eb5f739c37d7e4f1c09b5d0641babf2cc0c68f"},
    {file = "protobuf-5.28.2-cp38-abi3-manylinux2014_x86_64.whl", hash = "sha256:5e8a95246d581eef20471b5d5ba010d55f66740942b95ba9b872d918c459452f"},
    {file = "protobuf-5.28.2-cp38-cp38-win32.whl", hash = "sha256:87317e9bcda04a32f2ee82089a204d3a2f0d3c8aeed16568c7daf4756e4f1fe0"},
    {file = "protobuf-5.28.2-cp38-cp38-win_amd64.whl", hash = "sha256:c0ea0123dac3399a2eeb1a1443d82b7afc9ff40241433296769f7da42d142ec3"},
    {file = "protobuf-5.28.2-cp39-cp39-win32.whl", hash = "sha256:ca53faf29896c526863366a52a8f4d88e69cd04ec9571ed6082fa117fac3ab36"},
    {file = "protobuf-5.28.2-cp39-cp39-win_amd64.whl", hash = "sha256:8ddc60bf374785fb7cb12510b267f59067fa10087325b8e1855b898a0d81d276"},
    {file = "protobuf-5.28.2-py3-none-any.whl", hash = "sha256:52235802093bd8a2811abbe8bf0ab9c5f54cca0a751fdd3f6ac2a21438bffece"},
    {file = "protobuf-5.28.2.tar.gz", hash = "sha256:59379674ff119717404f7454647913787034f03fe7049cbef1d74a97bb4593f0"},
]

[[package]]
name = "protobuf-inspector"
version = "0.2"
description = "Tool to reverse-engineer Protocol Buffers with unknown definition"
optional = false
python-versions = ">=3.3"
files = [
    {file = "protobuf-inspector-0.2.tar.gz", hash = "sha256:0ed2311611958c1f1bc3271ef9fec59f0f832e78c837197a66c63809ac91396c"},
    {file = "protobuf_inspector-0.2-py3-none-any.whl", hash = "sha256:e09a1ab65e05879b9b986324cc2c35980728a364109fc56f2ef2cf3bed4bd8c5"},
]

[[package]]
name = "scapy"
version = "2.6.0"
description = "Scapy: interactive packet manipulation tool"
optional = false
python-versions = "<4,>=3.7"
files = [
    {file = "scapy-2.6.0-py3-none-any.whl", hash = "sha256:6cf241e9b93f3b93bbb48fc259edb1d1f14ba1d88d72c80fb66b3b02eb5493dc"},
    {file = "scapy-2.6.0.tar.gz", hash = "sha256:c8f7eb54511c2fab502128ccf18e2e4b98e1f6af6e02ae15b84ad3039143ba3b"},
]

[package.extras]
all = ["cryptography (>=2.0)", "ipython", "matplotlib", "pyx"]
cli = ["ipython"]
doc = ["sphinx (>=7.0.0)", "sphinx-rtd-theme (>=1.3.0)", "tox (>=3.0.0)"]

[metadata]
lock-version = "2.0"
python-versions = "^3.12"
content-hash = "f9f5de075a1f8f8856e4e92bd47698d407c634db2558af0150c9ff1907ca9127"
